// !$*UTF8*$!
{
	archiveVersion = 1;
	classes = {
	};
	objectVersion = 46;
	objects = {

/* Begin PBXBuildFile section */
		FC6555511E93FC1A002F7859 /* AppDelegate.swift in Sources */ = {isa = PBXBuildFile; fileRef = FC6555501E93FC1A002F7859 /* AppDelegate.swift */; };
		FC6555561E93FC1A002F7859 /* Main.storyboard in Resources */ = {isa = PBXBuildFile; fileRef = FC6555541E93FC1A002F7859 /* Main.storyboard */; };
		FC6555581E93FC1A002F7859 /* Assets.xcassets in Resources */ = {isa = PBXBuildFile; fileRef = FC6555571E93FC1A002F7859 /* Assets.xcassets */; };
		FC65555B1E93FC1A002F7859 /* LaunchScreen.storyboard in Resources */ = {isa = PBXBuildFile; fileRef = FC6555591E93FC1A002F7859 /* LaunchScreen.storyboard */; };
		FC6555651E9400F5002F7859 /* Models in Resources */ = {isa = PBXBuildFile; fileRef = FC6555621E9400F5002F7859 /* Models */; };
		FC6555661E9400F5002F7859 /* Controllers in Resources */ = {isa = PBXBuildFile; fileRef = FC6555631E9400F5002F7859 /* Controllers */; };
		FC6555671E9400F5002F7859 /* Views in Resources */ = {isa = PBXBuildFile; fileRef = FC6555641E9400F5002F7859 /* Views */; };
/* End PBXBuildFile section */

/* Begin PBXFileReference section */
		FC65554D1E93FC1A002F7859 /* Project1.app */ = {isa = PBXFileReference; explicitFileType = wrapper.application; includeInIndex = 0; path = Project1.app; sourceTree = BUILT_PRODUCTS_DIR; };
		FC6555501E93FC1A002F7859 /* AppDelegate.swift */ = {isa = PBXFileReference; lastKnownFileType = sourcecode.swift; path = AppDelegate.swift; sourceTree = "<group>"; };
		FC6555551E93FC1A002F7859 /* Base */ = {isa = PBXFileReference; lastKnownFileType = file.storyboard; name = Base; path = Base.lproj/Main.storyboard; sourceTree = "<group>"; };
		FC6555571E93FC1A002F7859 /* Assets.xcassets */ = {isa = PBXFileReference; lastKnownFileType = folder.assetcatalog; path = Assets.xcassets; sourceTree = "<group>"; };
		FC65555A1E93FC1A002F7859 /* Base */ = {isa = PBXFileReference; lastKnownFileType = file.storyboard; name = Base; path = Base.lproj/LaunchScreen.storyboard; sourceTree = "<group>"; };
		FC65555C1E93FC1A002F7859 /* Info.plist */ = {isa = PBXFileReference; lastKnownFileType = text.plist.xml; path = Info.plist; sourceTree = "<group>"; };
		FC6555621E9400F5002F7859 /* Models */ = {isa = PBXFileReference; lastKnownFileType = folder; path = Models; sourceTree = "<group>"; };
		FC6555631E9400F5002F7859 /* Controllers */ = {isa = PBXFileReference; lastKnownFileType = folder; path = Controllers; sourceTree = "<group>"; };
		FC6555641E9400F5002F7859 /* Views */ = {isa = PBXFileReference; lastKnownFileType = folder; path = Views; sourceTree = "<group>"; };
/* End PBXFileReference section */

/* Begin PBXFrameworksBuildPhase section */
		FC65554A1E93FC1A002F7859 /* Frameworks */ = {
			isa = PBXFrameworksBuildPhase;
			buildActionMask = 2147483647;
			files = (
			);
			runOnlyForDeploymentPostprocessing = 0;
		};
/* End PBXFrameworksBuildPhase section */

/* Begin PBXGroup section */
		FC6555441E93FC1A002F7859 = {
			isa = PBXGroup;
			children = (
				FC65554F1E93FC1A002F7859 /* Project1 */,
				FC65554E1E93FC1A002F7859 /* Products */,
			);
			sourceTree = "<group>";
		};
		FC65554E1E93FC1A002F7859 /* Products */ = {
			isa = PBXGroup;
			children = (
				FC65554D1E93FC1A002F7859 /* Project1.app */,
			);
			name = Products;
			sourceTree = "<group>";
		};
		FC65554F1E93FC1A002F7859 /* Project1 */ = {
			isa = PBXGroup;
			children = (
				FC6555501E93FC1A002F7859 /* AppDelegate.swift */,
				FC6555621E9400F5002F7859 /* Models */,
				FC6555631E9400F5002F7859 /* Controllers */,
				FC6555641E9400F5002F7859 /* Views */,
				FC6555541E93FC1A002F7859 /* Main.storyboard */,
				FC6555571E93FC1A002F7859 /* Assets.xcassets */,
				FC6555591E93FC1A002F7859 /* LaunchScreen.storyboard */,
				FC65555C1E93FC1A002F7859 /* Info.plist */,
			);
			path = Project1;
			sourceTree = "<group>";
		};
/* End PBXGroup section */

/* Begin PBXNativeTarget section */
		FC65554C1E93FC1A002F7859 /* Project1 */ = {
			isa = PBXNativeTarget;
			buildConfigurationList = FC65555F1E93FC1A002F7859 /* Build configuration list for PBXNativeTarget "Project1" */;
			buildPhases = (
				FC6555491E93FC1A002F7859 /* Sources */,
				FC65554A1E93FC1A002F7859 /* Frameworks */,
				FC65554B1E93FC1A002F7859 /* Resources */,
			);
			buildRules = (
			);
			dependencies = (
			);
			name = Project1;
			productName = Project1;
			productReference = FC65554D1E93FC1A002F7859 /* Project1.app */;
			productType = "com.apple.product-type.application";
		};
/* End PBXNativeTarget section */

/* Begin PBXProject section */
		FC6555451E93FC1A002F7859 /* Project object */ = {
			isa = PBXProject;
			attributes = {
				LastSwiftUpdateCheck = 0830;
				LastUpgradeCheck = 0830;
				ORGANIZATIONNAME = Vilhelmas;
				TargetAttributes = {
					FC65554C1E93FC1A002F7859 = {
						CreatedOnToolsVersion = 8.3;
						ProvisioningStyle = Automatic;
					};
				};
			};
			buildConfigurationList = FC6555481E93FC1A002F7859 /* Build configuration list for PBXProject "Project1" */;
			compatibilityVersion = "Xcode 3.2";
			developmentRegion = English;
			hasScannedForEncodings = 0;
			knownRegions = (
				en,
				Base,
			);
			mainGroup = FC6555441E93FC1A002F7859;
			productRefGroup = FC65554E1E93FC1A002F7859 /* Products */;
			projectDirPath = "";
			projectRoot = "";
			targets = (
				FC65554C1E93FC1A002F7859 /* Project1 */,
			);
		};
/* End PBXProject section */

/* Begin PBXResourcesBuildPhase section */
		FC65554B1E93FC1A002F7859 /* Resources */ = {
			isa = PBXResourcesBuildPhase;
			buildActionMask = 2147483647;
			files = (
				FC6555661E9400F5002F7859 /* Controllers in Resources */,
				FC65555B1E93FC1A002F7859 /* LaunchScreen.storyboard in Resources */,
				FC6555581E93FC1A002F7859 /* Assets.xcassets in Resources */,
				FC6555671E9400F5002F7859 /* Views in Resources */,
				FC6555651E9400F5002F7859 /* Models in Resources */,
				FC6555561E93FC1A002F7859 /* Main.storyboard in Resources */,
			);
			runOnlyForDeploymentPostprocessing = 0;
		};
/* End PBXResourcesBuildPhase section */

/* Begin PBXSourcesBuildPhase section */
		FC6555491E93FC1A002F7859 /* Sources */ = {
			isa = PBXSourcesBuildPhase;
			buildActionMask = 2147483647;
			files = (
				FC6555511E93FC1A002F7859 /* AppDelegate.swift in Sources */,
			);
			runOnlyForDeploymentPostprocessing = 0;
		};
/* End PBXSourcesBuildPhase section */

/* Begin PBXVariantGroup section */
		FC6555541E93FC1A002F7859 /* Main.storyboard */ = {
			isa = PBXVariantGroup;
			children = (
				FC6555551E93FC1A002F7859 /* Base */,
			);
			name = Main.storyboard;
			sourceTree = "<group>";
		};
		FC6555591E93FC1A002F7859 /* LaunchScreen.storyboard */ = {
			isa = PBXVariantGroup;
			children = (
				FC65555A1E93FC1A002F7859 /* Base */,
			);
			name = LaunchScreen.storyboard;
			sourceTree = "<group>";
		};
/* End PBXVariantGroup section */

/* Begin XCBuildConfiguration section */
		FC65555D1E93FC1A002F7859 /* Debug */ = {
			isa = XCBuildConfiguration;
			buildSettings = {
				ALWAYS_SEARCH_USER_PATHS = NO;
				CLANG_ANALYZER_NONNULL = YES;
				CLANG_ANALYZER_NUMBER_OBJECT_CONVERSION = YES_AGGRESSIVE;
				CLANG_CXX_LANGUAGE_STANDARD = "gnu++0x";
				CLANG_CXX_LIBRARY = "libc++";
				CLANG_ENABLE_MODULES = YES;
				CLANG_ENABLE_OBJC_ARC = YES;
				CLANG_WARN_BOOL_CONVERSION = YES;
				CLANG_WARN_CONSTANT_CONVERSION = YES;
				CLANG_WARN_DIRECT_OBJC_ISA_USAGE = YES_ERROR;
				CLANG_WARN_DOCUMENTATION_COMMENTS = YES;
				CLANG_WARN_EMPTY_BODY = YES;
				CLANG_WARN_ENUM_CONVERSION = YES;
				CLANG_WARN_INFINITE_RECURSION = YES;
				CLANG_WARN_INT_CONVERSION = YES;
				CLANG_WARN_OBJC_ROOT_CLASS = YES_ERROR;
				CLANG_WARN_SUSPICIOUS_MOVE = YES;
				CLANG_WARN_UNREACHABLE_CODE = YES;
				CLANG_WARN__DUPLICATE_METHOD_MATCH = YES;
				"CODE_SIGN_IDENTITY[sdk=iphoneos*]" = "iPhone Developer";
				COPY_PHASE_STRIP = NO;
				DEBUG_INFORMATION_FORMAT = dwarf;
				ENABLE_STRICT_OBJC_MSGSEND = YES;
				ENABLE_TESTABILITY = YES;
				GCC_C_LANGUAGE_STANDARD = gnu99;
				GCC_DYNAMIC_NO_PIC = NO;
				GCC_NO_COMMON_BLOCKS = YES;
				GCC_OPTIMIZATION_LEVEL = 0;
				GCC_PREPROCESSOR_DEFINITIONS = (
					"DEBUG=1",
					"$(inherited)",
				);
				GCC_WARN_64_TO_32_BIT_CONVERSION = YES;
				GCC_WARN_ABOUT_RETURN_TYPE = YES_ERROR;
				GCC_WARN_UNDECLARED_SELECTOR = YES;
				GCC_WARN_UNINITIALIZED_AUTOS = YES_AGGRESSIVE;
				GCC_WARN_UNUSED_FUNCTION = YES;
				GCC_WARN_UNUSED_VARIABLE = YES;
				IPHONEOS_DEPLOYMENT_TARGET = 10.3;
				MTL_ENABLE_DEBUG_INFO = YES;
				ONLY_ACTIVE_ARCH = YES;
				SDKROOT = iphoneos;
				SWIFT_ACTIVE_COMPILATION_CONDITIONS = DEBUG;
				SWIFT_OPTIMIZATION_LEVEL = "-Onone";
				TARGETED_DEVICE_FAMILY = "1,2";
			};
			name = Debug;
		};
		FC65555E1E93FC1A002F7859 /* Release */ = {
			isa = XCBuildConfiguration;
			buildSettings = {
				ALWAYS_SEARCH_USER_PATHS = NO;
				CLANG_ANALYZER_NONNULL = YES;
				CLANG_ANALYZER_NUMBER_OBJECT_CONVERSION = YES_AGGRESSIVE;
				CLANG_CXX_LANGUAGE_STANDARD = "gnu++0x";
				CLANG_CXX_LIBRARY = "libc++";
				CLANG_ENABLE_MODULES = YES;
				CLANG_ENABLE_OBJC_ARC = YES;
				CLANG_WARN_BOOL_CONVERSION = YES;
				CLANG_WARN_CONSTANT_CONVERSION = YES;
				CLANG_WARN_DIRECT_OBJC_ISA_USAGE = YES_ERROR;
				CLANG_WARN_DOCUMENTATION_COMMENTS = YES;
				CLANG_WARN_EMPTY_BODY = YES;
				CLANG_WARN_ENUM_CONVERSION = YES;
				CLANG_WARN_INFINITE_RECURSION = YES;
				CLANG_WARN_INT_CONVERSION = YES;
				CLANG_WARN_OBJC_ROOT_CLASS = YES_ERROR;
				CLANG_WARN_SUSPICIOUS_MOVE = YES;
				CLANG_WARN_UNREACHABLE_CODE = YES;
				CLANG_WARN__DUPLICATE_METHOD_MATCH = YES;
				"CODE_SIGN_IDENTITY[sdk=iphoneos*]" = "iPhone Developer";
				COPY_PHASE_STRIP = NO;
				DEBUG_INFORMATION_FORMAT = "dwarf-with-dsym";
				ENABLE_NS_ASSERTIONS = NO;
				ENABLE_STRICT_OBJC_MSGSEND = YES;
				GCC_C_LANGUAGE_STANDARD = gnu99;
				GCC_NO_COMMON_BLOCKS = YES;
				GCC_WARN_64_TO_32_BIT_CONVERSION = YES;
				GCC_WARN_ABOUT_RETURN_TYPE = YES_ERROR;
				GCC_WARN_UNDECLARED_SELECTOR = YES;
				GCC_WARN_UNINITIALIZED_AUTOS = YES_AGGRESSIVE;
				GCC_WARN_UNUSED_FUNCTION = YES;
				GCC_WARN_UNUSED_VARIABLE = YES;
				IPHONEOS_DEPLOYMENT_TARGET = 10.3;
				MTL_ENABLE_DEBUG_INFO = NO;
				SDKROOT = iphoneos;
				SWIFT_OPTIMIZATION_LEVEL = "-Owholemodule";
				TARGETED_DEVICE_FAMILY = "1,2";
				VALIDATE_PRODUCT = YES;
			};
			name = Release;
		};
		FC6555601E93FC1A002F7859 /* Debug */ = {
			isa = XCBuildConfiguration;
			buildSettings = {
				ASSETCATALOG_COMPILER_APPICON_NAME = AppIcon;
				INFOPLIST_FILE = Project1/Info.plist;
				LD_RUNPATH_SEARCH_PATHS = "$(inherited) @executable_path/Frameworks";
				PRODUCT_BUNDLE_IDENTIFIER = preiksas.Project1;
				PRODUCT_NAME = "$(TARGET_NAME)";
				SWIFT_VERSION = 3.0;
			};
			name = Debug;
		};
		FC6555611E93FC1A002F7859 /* Release */ = {
			isa = XCBuildConfiguration;
			buildSettings = {
				ASSETCATALOG_COMPILER_APPICON_NAME = AppIcon;
				INFOPLIST_FILE = Project1/Info.plist;
				LD_RUNPATH_SEARCH_PATHS = "$(inherited) @executable_path/Frameworks";
				PRODUCT_BUNDLE_IDENTIFIER = preiksas.Project1;
				PRODUCT_NAME = "$(TARGET_NAME)";
				SWIFT_VERSION = 3.0;
			};
			name = Release;
		};
/* End XCBuildConfiguration section */

/* Begin XCConfigurationList section */
		FC6555481E93FC1A002F7859 /* Build configuration list for PBXProject "Project1" */ = {
			isa = XCConfigurationList;
			buildConfigurations = (
				FC65555D1E93FC1A002F7859 /* Debug */,
				FC65555E1E93FC1A002F7859 /* Release */,
			);
			defaultConfigurationIsVisible = 0;
			defaultConfigurationName = Release;
		};
		FC65555F1E93FC1A002F7859 /* Build configuration list for PBXNativeTarget "Project1" */ = {
			isa = XCConfigurationList;
			buildConfigurations = (
				FC6555601E93FC1A002F7859 /* Debug */,
				FC6555611E93FC1A002F7859 /* Release */,
			);
			defaultConfigurationIsVisible = 0;
		};
/* End XCConfigurationList section */
	};
	rootObject = FC6555451E93FC1A002F7859 /* Project object */;
}
